
Microsoft Visual Studio Solution File, Format Version 12.00
# Visual Studio 15
VisualStudioVersion = 15.0.28307.1022
MinimumVisualStudioVersion = 10.0.40219.1
Project("{9A19103F-16F7-4668-BE54-9A1E7A4F7556}") = "WeatherWebClient", "WeatherWebClient\WeatherWebClient.csproj", "{0F068BE1-D3E5-43B3-B1F7-733B125ECD33}"
EndProject
Global
	GlobalSection(SolutionConfigurationPlatforms) = preSolution
		Debug|Any CPU = Debug|Any CPU
		Release|Any CPU = Release|Any CPU
	EndGlobalSection
	GlobalSection(ProjectConfigurationPlatforms) = postSolution
		{0F068BE1-D3E5-43B3-B1F7-733B125ECD33}.Debug|Any CPU.ActiveCfg = Debug|Any CPU
		{0F068BE1-D3E5-43B3-B1F7-733B125ECD33}.Debug|Any CPU.Build.0 = Debug|Any CPU
		{0F068BE1-D3E5-43B3-B1F7-733B125ECD33}.Release|Any CPU.ActiveCfg = Release|Any CPU
		{0F068BE1-D3E5-43B3-B1F7-733B125ECD33}.Release|Any CPU.Build.0 = Release|Any CPU
	EndGlobalSection
	GlobalSection(SolutionProperties) = preSolution
		HideSolutionNode = FALSE
	EndGlobalSection
	GlobalSection(ExtensibilityGlobals) = postSolution
		SolutionGuid = {752C058C-C750-44C2-819B-49D3BD30EB3B}
	EndGlobalSection
EndGlobal
